
Microsoft Visual Studio Solution File, Format Version 12.00
# Visual Studio Version 17
VisualStudioVersion = 17.11.35312.102
MinimumVisualStudioVersion = 10.0.40219.1
Project("{FAE04EC0-301F-11D3-BF4B-00C04F79EFBC}") = "ConsoleApp2", "ConsoleApp2\ConsoleApp2.csproj", "{7C830FDC-718F-4768-9AFD-A1BD8D879671}"
EndProject
Project("{FAE04EC0-301F-11D3-BF4B-00C04F79EFBC}") = "Speech1", "Speech1\Speech1.csproj", "{48B68927-3BD2-4E62-9ED7-CBECE508C2DD}"
EndProject
Project("{FAE04EC0-301F-11D3-BF4B-00C04F79EFBC}") = "Document", "Document\Document.csproj", "{B1E58596-8BEE-4E88-92EC-ACA16D1D7D97}"
EndProject
Project("{FAE04EC0-301F-11D3-BF4B-00C04F79EFBC}") = "Vision", "Vision\Vision.csproj", "{139D800B-C8E3-4390-9E72-4CF41E87AAE6}"
EndProject
Project("{FAE04EC0-301F-11D3-BF4B-00C04F79EFBC}") = "GPT", "GPT\GPT.csproj", "{8CAECAB2-B7E3-4B65-ADC8-93D8FFC4339B}"
EndProject
Project("{FAE04EC0-301F-11D3-BF4B-00C04F79EFBC}") = "GPTImage", "GPTImage\GPTImage.csproj", "{E4A26699-2705-4597-8704-5BF760975A76}"
EndProject
Global
	GlobalSection(SolutionConfigurationPlatforms) = preSolution
		Debug|Any CPU = Debug|Any CPU
		Release|Any CPU = Release|Any CPU
	EndGlobalSection
	GlobalSection(ProjectConfigurationPlatforms) = postSolution
		{7C830FDC-718F-4768-9AFD-A1BD8D879671}.Debug|Any CPU.ActiveCfg = Debug|Any CPU
		{7C830FDC-718F-4768-9AFD-A1BD8D879671}.Debug|Any CPU.Build.0 = Debug|Any CPU
		{7C830FDC-718F-4768-9AFD-A1BD8D879671}.Release|Any CPU.ActiveCfg = Release|Any CPU
		{7C830FDC-718F-4768-9AFD-A1BD8D879671}.Release|Any CPU.Build.0 = Release|Any CPU
		{48B68927-3BD2-4E62-9ED7-CBECE508C2DD}.Debug|Any CPU.ActiveCfg = Debug|Any CPU
		{48B68927-3BD2-4E62-9ED7-CBECE508C2DD}.Debug|Any CPU.Build.0 = Debug|Any CPU
		{48B68927-3BD2-4E62-9ED7-CBECE508C2DD}.Release|Any CPU.ActiveCfg = Release|Any CPU
		{48B68927-3BD2-4E62-9ED7-CBECE508C2DD}.Release|Any CPU.Build.0 = Release|Any CPU
		{B1E58596-8BEE-4E88-92EC-ACA16D1D7D97}.Debug|Any CPU.ActiveCfg = Debug|Any CPU
		{B1E58596-8BEE-4E88-92EC-ACA16D1D7D97}.Debug|Any CPU.Build.0 = Debug|Any CPU
		{B1E58596-8BEE-4E88-92EC-ACA16D1D7D97}.Release|Any CPU.ActiveCfg = Release|Any CPU
		{B1E58596-8BEE-4E88-92EC-ACA16D1D7D97}.Release|Any CPU.Build.0 = Release|Any CPU
		{139D800B-C8E3-4390-9E72-4CF41E87AAE6}.Debug|Any CPU.ActiveCfg = Debug|Any CPU
		{139D800B-C8E3-4390-9E72-4CF41E87AAE6}.Debug|Any CPU.Build.0 = Debug|Any CPU
		{139D800B-C8E3-4390-9E72-4CF41E87AAE6}.Release|Any CPU.ActiveCfg = Release|Any CPU
		{139D800B-C8E3-4390-9E72-4CF41E87AAE6}.Release|Any CPU.Build.0 = Release|Any CPU
		{8CAECAB2-B7E3-4B65-ADC8-93D8FFC4339B}.Debug|Any CPU.ActiveCfg = Debug|Any CPU
		{8CAECAB2-B7E3-4B65-ADC8-93D8FFC4339B}.Debug|Any CPU.Build.0 = Debug|Any CPU
		{8CAECAB2-B7E3-4B65-ADC8-93D8FFC4339B}.Release|Any CPU.ActiveCfg = Release|Any CPU
		{8CAECAB2-B7E3-4B65-ADC8-93D8FFC4339B}.Release|Any CPU.Build.0 = Release|Any CPU
		{E4A26699-2705-4597-8704-5BF760975A76}.Debug|Any CPU.ActiveCfg = Debug|Any CPU
		{E4A26699-2705-4597-8704-5BF760975A76}.Debug|Any CPU.Build.0 = Debug|Any CPU
		{E4A26699-2705-4597-8704-5BF760975A76}.Release|Any CPU.ActiveCfg = Release|Any CPU
		{E4A26699-2705-4597-8704-5BF760975A76}.Release|Any CPU.Build.0 = Release|Any CPU
	EndGlobalSection
	GlobalSection(SolutionProperties) = preSolution
		HideSolutionNode = FALSE
	EndGlobalSection
	GlobalSection(ExtensibilityGlobals) = postSolution
		SolutionGuid = {28AD11B9-A808-4746-8458-6437787C693D}
	EndGlobalSection
EndGlobal
